
Microsoft Visual Studio Solution File, Format Version 12.00
# Visual Studio Version 17
VisualStudioVersion = 17.1.32421.90
MinimumVisualStudioVersion = 10.0.40219.1
Project("{FAE04EC0-301F-11D3-BF4B-00C04F79EFBC}") = "AllOut.Common", "AllOut.Common\AllOut.Common.csproj", "{7C140C42-5D7D-4620-A0E9-8925AE626173}"
EndProject
Global
	GlobalSection(SolutionConfigurationPlatforms) = preSolution
		Debug|Any CPU = Debug|Any CPU
		Release|Any CPU = Release|Any CPU
	EndGlobalSection
	GlobalSection(ProjectConfigurationPlatforms) = postSolution
		{7C140C42-5D7D-4620-A0E9-8925AE626173}.Debug|Any CPU.ActiveCfg = Debug|Any CPU
		{7C140C42-5D7D-4620-A0E9-8925AE626173}.Debug|Any CPU.Build.0 = Debug|Any CPU
		{7C140C42-5D7D-4620-A0E9-8925AE626173}.Release|Any CPU.ActiveCfg = Release|Any CPU
		{7C140C42-5D7D-4620-A0E9-8925AE626173}.Release|Any CPU.Build.0 = Release|Any CPU
	EndGlobalSection
	GlobalSection(SolutionProperties) = preSolution
		HideSolutionNode = FALSE
	EndGlobalSection
	GlobalSection(ExtensibilityGlobals) = postSolution
		SolutionGuid = {41D17FD2-72A1-43E0-B105-24C229B58B4E}
	EndGlobalSection
EndGlobal
