
Microsoft Visual Studio Solution File, Format Version 12.00
# Visual Studio Version 17
VisualStudioVersion = 17.1.32421.90
MinimumVisualStudioVersion = 10.0.40219.1
Project("{FAE04EC0-301F-11D3-BF4B-00C04F79EFBC}") = "AllOut.Desktop", "AllOut.Desktop\AllOut.Desktop.csproj", "{B825D848-4390-42F5-99DB-60BBE452B1EC}"
EndProject
Global
	GlobalSection(SolutionConfigurationPlatforms) = preSolution
		Debug|Any CPU = Debug|Any CPU
		Release|Any CPU = Release|Any CPU
	EndGlobalSection
	GlobalSection(ProjectConfigurationPlatforms) = postSolution
		{B825D848-4390-42F5-99DB-60BBE452B1EC}.Debug|Any CPU.ActiveCfg = Debug|Any CPU
		{B825D848-4390-42F5-99DB-60BBE452B1EC}.Debug|Any CPU.Build.0 = Debug|Any CPU
		{B825D848-4390-42F5-99DB-60BBE452B1EC}.Release|Any CPU.ActiveCfg = Release|Any CPU
		{B825D848-4390-42F5-99DB-60BBE452B1EC}.Release|Any CPU.Build.0 = Release|Any CPU
	EndGlobalSection
	GlobalSection(SolutionProperties) = preSolution
		HideSolutionNode = FALSE
	EndGlobalSection
	GlobalSection(ExtensibilityGlobals) = postSolution
		SolutionGuid = {04317CBA-1E30-4B38-A22B-CE4B5E5B4CC3}
	EndGlobalSection
EndGlobal
