
Microsoft Visual Studio Solution File, Format Version 12.00
# Visual Studio Version 17
VisualStudioVersion = 17.4.33205.214
MinimumVisualStudioVersion = 10.0.40219.1
Project("{FAE04EC0-301F-11D3-BF4B-00C04F79EFBC}") = "AllOut.Web.Blazor", "AllOut.Web.Blazor\AllOut.Web.Blazor.csproj", "{9F9E4E50-C377-454B-A306-E4FD36A610CD}"
EndProject
Global
	GlobalSection(SolutionConfigurationPlatforms) = preSolution
		Debug|Any CPU = Debug|Any CPU
		Release|Any CPU = Release|Any CPU
	EndGlobalSection
	GlobalSection(ProjectConfigurationPlatforms) = postSolution
		{9F9E4E50-C377-454B-A306-E4FD36A610CD}.Debug|Any CPU.ActiveCfg = Debug|Any CPU
		{9F9E4E50-C377-454B-A306-E4FD36A610CD}.Debug|Any CPU.Build.0 = Debug|Any CPU
		{9F9E4E50-C377-454B-A306-E4FD36A610CD}.Release|Any CPU.ActiveCfg = Release|Any CPU
		{9F9E4E50-C377-454B-A306-E4FD36A610CD}.Release|Any CPU.Build.0 = Release|Any CPU
	EndGlobalSection
	GlobalSection(SolutionProperties) = preSolution
		HideSolutionNode = FALSE
	EndGlobalSection
	GlobalSection(ExtensibilityGlobals) = postSolution
		SolutionGuid = {92806017-A118-4849-80F5-F3BDBFFFFCC4}
	EndGlobalSection
EndGlobal
